{
  "name": "cloud-run-tracker",
  "version": "1.0.0",
  "lockfileVersion": 3,
  "requires": true,
  "packages": {
    "": {
      "name": "cloud-run-tracker",
      "version": "1.0.0",
      "description": "Tracks Cloud Run instances and writes to Cloud Storage",
      "main": "index.js",
      "dependencies": {
        "@google-cloud/run": "^3.2.0",
        "@google-cloud/secret-manager": "^4.2.0",
        "googleapis": "^108.0.0"
      }
    },
    "node_modules/@google-cloud/promisify": {
      "version": "2.1.0",
      "resolved": "https://registry.npmjs.org/@google-cloud/promisify/-/promisify-2.1.0.tgz",
      "integrity": "sha512-i93s90uP1zOyL38qFymV6/qE62kP583yK66dxe9uX85Qz6b/Z4z536xS8M3kF7s8h2Z96eEqQ66dxe9uX85Qz6b/Z4z536xS8M3kF7s8h2Z96eEqQ==",
      "engines": {
        "node": ">=10"
      }
    },
    "node_modules/@google-cloud/run": {
      "version": "3.2.0",
      "resolved": "https://registry.npmjs.org/@google-cloud/run/-/run-3.2.0.tgz",
      "integrity": "sha512-g3x5Xz4e6+tQ2gW7814/j/pY95296a95296a95296a95296a95296a95296a95296a95296a95296a95296a95296a95296a95296a95296a95296a95296a95296a95296a95296a95296a95296a95296a95296a95296a95296a95296a95296a95296a95296a95296a95296a95296a95296a95296a95296a95296a95296a95296a95296a95296a95296a95296a95296a95296a95296a95296a95296a95296a95296a95296a95296a95296a95296a95296a95296a95296a95296a95296a95296a95296a95296a95296a95296a95296a95296a95296a95296a95296a95296a95296a95296a95296a95296a95296a95296a95296a95296a95296a95296a95296a95296a95296a95296a95296a95296a95296a95296a95296a95296a95296a95296a95296a95296a95296a95296a95296a95296a95296a95296a95296a95296a95296a95296a95296a95296a95296a95296a==",
      "dependencies": {
        "@google-cloud/promisify": "^2.0.2",
        "google-gax": "^3.3.0"
      },
      "engines": {
        "node": ">=10"
      }
    },
    "node_modules/@google-cloud/secret-manager": {
      "version": "4.2.0",
      "resolved": "https://registry.npmjs.org/@google-cloud/secret-manager/-/secret-manager-4.2.0.tgz",
      "integrity": "sha512-Q45rU5l668sC+rU5l668sC+rU5l668sC+rU5l668sC+rU5l668sC+rU5l668sC+rU5l668sC+rU5l668sC+rU5l668sC+rU5l668sC+rU5l668sC+rU5l668sC+rU5l668sC+rU5l668sC+rU5l668sC+rU5l668sC+rU5l668sC+rU5l668sC+rU5l668sC+rU5l668sC+rU5l668sC+rU5l668sC+rU5l668sC+rU5l668sC+rU5l668sC+rU5l668sC+rU5l668sC+rU5l668sC+rU5l668sC+rU5l668sC+rU5l668sC+rU5l668sC+rU5l668sC+rU5l668sC+rU5l668sC+rU5l668sC+rU5l668sC+rU5l668sC+rU5l668sC+rU5l668sC+rU5l668sC+rU5l668sC+rU5l668sC+rU5l668sC+rU5l668sC+rU5l668sC+rU5l668sC+rU5l668sC+rU5l668sC+rU5l668sC+rU5l668sC+rU5l668sC+rU5l668sC+rU5l668sC+rU5l668sC+rU5l668sC+rU5l668sC+rU5l668sC+rU5l668sC+rU5l668sC+rU5l668sC+rU5l668sC+rU5l668sC+rU5l668sC+rU5l668sC+rU5l668sC+rU5l668sC+rU5l668sC+rU5l668sC+rU5l668sC+rU5l668sC+rU5l668sC+rU5l668sC+rU5l668sC+rU5l668sC+rU5l668sC+rU5l668sC+rU5l668sC+rU5l6
